
Microsoft Visual Studio Solution File, Format Version 12.00
# Visual Studio Version 17
VisualStudioVersion = 17.0.32014.148
MinimumVisualStudioVersion = 10.0.40219.1
Project("{9A19103F-16F7-4668-BE54-9A1E7A4F7556}") = "SaveRoomCP", "SaveRoomCP\SaveRoomCP.csproj", "{4025E7BE-F274-4E8B-BDA5-A8E3BDA55DB6}"
EndProject
Project("{9A19103F-16F7-4668-BE54-9A1E7A4F7556}") = "YT2AudioConverter", "YT2AudioConverter\YT2AudioConverter.csproj", "{08364CCB-7854-4B77-B108-0AA1775285D2}"
EndProject
Global
	GlobalSection(SolutionConfigurationPlatforms) = preSolution
		Debug|Any CPU = Debug|Any CPU
		Release|Any CPU = Release|Any CPU
	EndGlobalSection
	GlobalSection(ProjectConfigurationPlatforms) = postSolution
		{4025E7BE-F274-4E8B-BDA5-A8E3BDA55DB6}.Debug|Any CPU.ActiveCfg = Debug|Any CPU
		{4025E7BE-F274-4E8B-BDA5-A8E3BDA55DB6}.Debug|Any CPU.Build.0 = Debug|Any CPU
		{4025E7BE-F274-4E8B-BDA5-A8E3BDA55DB6}.Release|Any CPU.ActiveCfg = Release|Any CPU
		{4025E7BE-F274-4E8B-BDA5-A8E3BDA55DB6}.Release|Any CPU.Build.0 = Release|Any CPU
		{08364CCB-7854-4B77-B108-0AA1775285D2}.Debug|Any CPU.ActiveCfg = Debug|Any CPU
		{08364CCB-7854-4B77-B108-0AA1775285D2}.Debug|Any CPU.Build.0 = Debug|Any CPU
		{08364CCB-7854-4B77-B108-0AA1775285D2}.Release|Any CPU.ActiveCfg = Release|Any CPU
		{08364CCB-7854-4B77-B108-0AA1775285D2}.Release|Any CPU.Build.0 = Release|Any CPU
	EndGlobalSection
	GlobalSection(SolutionProperties) = preSolution
		HideSolutionNode = FALSE
	EndGlobalSection
	GlobalSection(ExtensibilityGlobals) = postSolution
		SolutionGuid = {EFA74283-6691-4F30-9A1A-0925DD253448}
	EndGlobalSection
EndGlobal
